# This file is automatically @generated by Poetry 1.7.1 and should not be changed by hand.

[[package]]
name = "asgiref"
version = "3.7.2"
description = "ASGI specs, helper code, and adapters"
optional = false
python-versions = ">=3.7"
files = [
    {file = "asgiref-3.7.2-py3-none-any.whl", hash = "sha256:89b2ef2247e3b562a16eef663bc0e2e703ec6468e2fa8a5cd61cd449786d4f6e"},
    {file = "asgiref-3.7.2.tar.gz", hash = "sha256:9e0ce3aa93a819ba5b45120216b23878cf6e8525eb3848653452b4192b92afed"},
]

[package.extras]
tests = ["mypy (>=0.800)", "pytest", "pytest-asyncio"]

[[package]]
name = "django"
version = "5.0"
description = "A high-level Python web framework that encourages rapid development and clean, pragmatic design."
optional = false
python-versions = ">=3.10"
files = [
    {file = "Django-5.0-py3-none-any.whl", hash = "sha256:3a9fd52b8dbeae335ddf4a9dfa6c6a0853a1122f1fb071a8d5eca979f73a05c8"},
    {file = "Django-5.0.tar.gz", hash = "sha256:7d29e14dfbc19cb6a95a4bd669edbde11f5d4c6a71fdaa42c2d40b6846e807f7"},
]

[package.dependencies]
asgiref = ">=3.7.0"
sqlparse = ">=0.3.1"
tzdata = {version = "*", markers = "sys_platform == \"win32\""}

[package.extras]
argon2 = ["argon2-cffi (>=19.1.0)"]
bcrypt = ["bcrypt"]

[[package]]
name = "psycopg"
version = "3.1.16"
description = "PostgreSQL database adapter for Python"
optional = false
python-versions = ">=3.7"
files = [
    {file = "psycopg-3.1.16-py3-none-any.whl", hash = "sha256:0bfe9741f4fb1c8115cadd8fe832fa91ac277e81e0652ff7fa1400f0ef0f59ba"},
    {file = "psycopg-3.1.16.tar.gz", hash = "sha256:a34d922fd7df3134595e71c3428ba6f1bd5f4968db74857fe95de12db2d6b763"},
]

[package.dependencies]
typing-extensions = ">=4.1"
tzdata = {version = "*", markers = "sys_platform == \"win32\""}

[package.extras]
binary = ["psycopg-binary (==3.1.16)"]
c = ["psycopg-c (==3.1.16)"]
dev = ["black (>=23.1.0)", "codespell (>=2.2)", "dnspython (>=2.1)", "flake8 (>=4.0)", "mypy (>=1.4.1)", "types-setuptools (>=57.4)", "wheel (>=0.37)"]
docs = ["Sphinx (>=5.0)", "furo (==2022.6.21)", "sphinx-autobuild (>=2021.3.14)", "sphinx-autodoc-typehints (>=1.12)"]
pool = ["psycopg-pool"]
test = ["anyio (>=3.6.2,<4.0)", "mypy (>=1.4.1)", "pproxy (>=2.7)", "pytest (>=6.2.5)", "pytest-cov (>=3.0)", "pytest-randomly (>=3.5)"]

[[package]]
name = "psycopg-binary"
version = "3.1.16"
description = "PostgreSQL database adapter for Python -- C optimisation distribution"
optional = false
python-versions = ">=3.7"
files = [
    {file = "psycopg_binary-3.1.16-cp310-cp310-macosx_10_9_x86_64.whl", hash = "sha256:e08e333366f8583c7bee33ca6a27f84b76e05ee4e9f9f327a48e3ff81386261d"},
    {file = "psycopg_binary-3.1.16-cp310-cp310-macosx_11_0_arm64.whl", hash = "sha256:a18dfcf7eb3db698eb7a38b4a0e82bf5b76a7bc0079068c5837df70b965570f8"},
    {file = "psycopg_binary-3.1.16-cp310-cp310-manylinux_2_17_aarch64.manylinux2014_aarch64.whl", hash = "sha256:db99192d9f448829322c4f59a584994ce747b8d586ec65788b4c65f7166cfe43"},
    {file = "psycopg_binary-3.1.16-cp310-cp310-manylinux_2_17_i686.manylinux2014_i686.whl", hash = "sha256:3f6053fe95596e2f67ff2c9464ea23032c748695a3b79060ca01ef878b0ea0f2"},
    {file = "psycopg_binary-3.1.16-cp310-cp310-manylinux_2_17_ppc64le.manylinux2014_ppc64le.whl", hash = "sha256:2e6092ec21c08ed4ae4ff343c93a3bbb1d39c87dee181860ce40fa3b5c46f4ae"},
    {file = "psycopg_binary-3.1.16-cp310-cp310-manylinux_2_17_x86_64.manylinux2014_x86_64.whl", hash = "sha256:5f81e880d1bd935433efab1c2883a02031df84e739eadcb2c6a715e9c2f41c19"},
    {file = "psycopg_binary-3.1.16-cp310-cp310-musllinux_1_1_aarch64.whl", hash = "sha256:430f8843e381199cdc39ce9506a2cdbc27a569c99a0d80193844c787ce7de94d"},
    {file = "psycopg_binary-3.1.16-cp310-cp310-musllinux_1_1_i686.whl", hash = "sha256:92bda36f0570a5f9a3d6aeb897bad219f1f23fc4e1d0e7780935798771efb536"},
    {file = "psycopg_binary-3.1.16-cp310-cp310-musllinux_1_1_ppc64le.whl", hash = "sha256:b256d500ec0121ad7875bc3539c43c82dc004535d55256a13c49df2d43f07ad8"},
    {file = "psycopg_binary-3.1.16-cp310-cp310-musllinux_1_1_x86_64.whl", hash = "sha256:699737cecf675e1eb70b892b1995456db4016eff7189a3ad9325dca5b6715cc3"},
    {file = "psycopg_binary-3.1.16-cp310-cp310-win_amd64.whl", hash = "sha256:5e0885bcd7d9a0c0043be83d6a214069356c640d42496de798d901d0a16a34e7"},
    {file = "psycopg_binary-3.1.16-cp311-cp311-macosx_10_9_x86_64.whl", hash = "sha256:4ee8be32eb8b813ef37c5f5968fe03fdddc9a6f0129190f97f6491c798a1ef57"},
    {file = "psycopg_binary-3.1.16-cp311-cp311-macosx_11_0_arm64.whl", hash = "sha256:8f8fb9677fb7873daf9797207e72e9275f61e769a308c4ea8f55dfd3153ebae7"},
    {file = "psycopg_binary-3.1.16-cp311-cp311-manylinux_2_17_aarch64.manylinux2014_aarch64.whl", hash = "sha256:8a611d7256493ee5bb73a070c9c60206af415be6aee01243c186fc03f1eb1a48"},
    {file = "psycopg_binary-3.1.16-cp311-cp311-manylinux_2_17_i686.manylinux2014_i686.whl", hash = "sha256:d267cc92f0f0a9ea6c8ef058e95c85e58133d06c06f4ed48d63fc256aef166ab"},
    {file = "psycopg_binary-3.1.16-cp311-cp311-manylinux_2_17_ppc64le.manylinux2014_ppc64le.whl", hash = "sha256:e996b38ffeffbaa06d236bbeab5168d33eea95941cf74de1daa0b008333861b1"},
    {file = "psycopg_binary-3.1.16-cp311-cp311-manylinux_2_17_x86_64.manylinux2014_x86_64.whl", hash = "sha256:8429017cd7a3ef4699bee4ff8125a5e30b26882b817a178608d73e69fb727ab9"},
    {file = "psycopg_binary-3.1.16-cp311-cp311-musllinux_1_1_aarch64.whl", hash = "sha256:a7d3b2ea267e7676b3693799fadf941c672f5727fae4947efa1f0cc6e25b672c"},
    {file = "psycopg_binary-3.1.16-cp311-cp311-musllinux_1_1_i686.whl", hash = "sha256:d8290cfd475fadf935da0900dc91b845fe92f792e6d53039c0df82f9049a84ad"},
    {file = "psycopg_binary-3.1.16-cp311-cp311-musllinux_1_1_ppc64le.whl", hash = "sha256:72539a0c6b9a2a9be2acca993df17f4baaa0ed00f1d76b65733725286e3e3304"},
    {file = "psycopg_binary-3.1.16-cp311-cp311-musllinux_1_1_x86_64.whl", hash = "sha256:1078370a93eaef1dc5aed540055d50cbe37e9154342f3a3d73fd768a6199344d"},
    {file = "psycopg_binary-3.1.16-cp311-cp311-win_amd64.whl", hash = "sha256:adca24d273fe81ecab2312309db547b345155ec50d15676e2df82b8c5409eb06"},
    {file = "psycopg_binary-3.1.16-cp312-cp312-macosx_10_9_x86_64.whl", hash = "sha256:e1c416a7c2a699c3e5ba031357682ebca92bd58f399e553173ab5d67cc71cbc5"},
    {file = "psycopg_binary-3.1.16-cp312-cp312-macosx_11_0_arm64.whl", hash = "sha256:e951a8cc7cf919fdc817a28d57160e7286011a4a45dcad3be21f3e4feba8be1a"},
    {file = "psycopg_binary-3.1.16-cp312-cp312-manylinux_2_17_aarch64.manylinux2014_aarch64.whl", hash = "sha256:5eaa02fe8aa9ef8c8743919fdbc92c04b0ee8c43f3d65e53f24d355776c52fb3"},
    {file = "psycopg_binary-3.1.16-cp312-cp312-manylinux_2_17_i686.manylinux2014_i686.whl", hash = "sha256:e23375c14c22ce8fd26d057ac4ab827de79aafced173c68a4c0b03520ea02c70"},
    {file = "psycopg_binary-3.1.16-cp312-cp312-manylinux_2_17_ppc64le.manylinux2014_ppc64le.whl", hash = "sha256:84472e5c83e805d4c491f331061cbae3ea4e62f80a480fc4b32200be72262ffd"},
    {file = "psycopg_binary-3.1.16-cp312-cp312-manylinux_2_17_x86_64.manylinux2014_x86_64.whl", hash = "sha256:9b0f824565d1dc325c74c076efd5ba842b86219f8bc1b8048c8816621a8b268c"},
    {file = "psycopg_binary-3.1.16-cp312-cp312-musllinux_1_1_aarch64.whl", hash = "sha256:6b856d44531475488e773ac78d2a7a91c0909a1e8bdbd20d3ebdbdce1868c9a0"},
    {file = "psycopg_binary-3.1.16-cp312-cp312-musllinux_1_1_i686.whl", hash = "sha256:198c4f16f806f7d2ad0c4a5b774652e17861b55249efb4e344049b1fcf9a24af"},
    {file = "psycopg_binary-3.1.16-cp312-cp312-musllinux_1_1_ppc64le.whl", hash = "sha256:b23d4b86acba2d745763ee0801821af1c42b127d8df75b903b7e7ca7c5f6400c"},
    {file = "psycopg_binary-3.1.16-cp312-cp312-musllinux_1_1_x86_64.whl", hash = "sha256:2cfd857f1085c59da592090f2fa0751da30b67dcafea2ac52c4b404678406aae"},
    {file = "psycopg_binary-3.1.16-cp312-cp312-win_amd64.whl", hash = "sha256:46c9cca48d459d8df71fda4eef7d94a189b8333f4bc3cf1d170c1796fcbbc8cd"},
    {file = "psycopg_binary-3.1.16-cp37-cp37m-macosx_10_9_x86_64.whl", hash = "sha256:f3136d8f92708c04694ca0cae6a2d6c8170e7174b9ee594218cb229b407e8f48"},
    {file = "psycopg_binary-3.1.16-cp37-cp37m-manylinux_2_17_aarch64.manylinux2014_aarch64.whl", hash = "sha256:1063fe43bb06790a4cfed9f1cacebb165939ca672b6fddcb03627d673ae00bd9"},
    {file = "psycopg_binary-3.1.16-cp37-cp37m-manylinux_2_17_i686.manylinux2014_i686.whl", hash = "sha256:58289209495a92022e58757add4badb495815a4477f5e9840d481eac2ea422b2"},
    {file = "psycopg_binary-3.1.16-cp37-cp37m-manylinux_2_17_ppc64le.manylinux2014_ppc64le.whl", hash = "sha256:d18c58f99beec18d38094edcb1ae7e6a1e58fb1a53ed08b0f18df714aa4b07cc"},
    {file = "psycopg_binary-3.1.16-cp37-cp37m-manylinux_2_17_x86_64.manylinux2014_x86_64.whl", hash = "sha256:e122c904d4c4e044a3797a62624316cf7359271564f9ebe8ca342ed4a8cef3bd"},
    {file = "psycopg_binary-3.1.16-cp37-cp37m-musllinux_1_1_aarch64.whl", hash = "sha256:82ffad0edfa3dd77d6aa40c267f61275a6a4061f735cefe97cfd83cfa78e112a"},
    {file = "psycopg_binary-3.1.16-cp37-cp37m-musllinux_1_1_i686.whl", hash = "sha256:82099b6b4b0b12b63c4169d69b48bdbce97e674b86fa51b015e9949fc0ce5c82"},
    {file = "psycopg_binary-3.1.16-cp37-cp37m-musllinux_1_1_ppc64le.whl", hash = "sha256:3815c72c590ffe3ad1dc3b7021d082b42215bbd91d2c7211d4a101eec1d0b83e"},
    {file = "psycopg_binary-3.1.16-cp37-cp37m-musllinux_1_1_x86_64.whl", hash = "sha256:d2f308bfd39d6dcf3f46165f98d816bce5ac78aaf782eceb3cf43aa0a4fe62f8"},
    {file = "psycopg_binary-3.1.16-cp37-cp37m-win_amd64.whl", hash = "sha256:1e197c3e8d88e984c1e0fcc9a0218947e5a14855939a00b158b428bc449b49e3"},
    {file = "psycopg_binary-3.1.16-cp38-cp38-macosx_10_9_x86_64.whl", hash = "sha256:2b22e2dad291a79d7a31b304866fd125038ef7fe378aba9698de0e1804a863c9"},
    {file = "psycopg_binary-3.1.16-cp38-cp38-macosx_11_0_arm64.whl", hash = "sha256:d9e1768c46c595a8177cb709c99626c3cefbd12c2e46eb54323efd8ac4a7fc2d"},
    {file = "psycopg_binary-3.1.16-cp38-cp38-manylinux_2_17_aarch64.manylinux2014_aarch64.whl", hash = "sha256:8eaabc8dd2d364e1b43d3a25188356191a45abb687b77016544f6847b3fcd73a"},
    {file = "psycopg_binary-3.1.16-cp38-cp38-manylinux_2_17_i686.manylinux2014_i686.whl", hash = "sha256:8cda744c43b09342b1a8b5aace13d3284c1f5ddbfcefa2d385f703337503a060"},
    {file = "psycopg_binary-3.1.16-cp38-cp38-manylinux_2_17_ppc64le.manylinux2014_ppc64le.whl", hash = "sha256:1cdaf56adc9cc56df7a05e8f097a776939ba49d5e6afc907ba7b404d8bd21c89"},
    {file = "psycopg_binary-3.1.16-cp38-cp38-manylinux_2_17_x86_64.manylinux2014_x86_64.whl", hash = "sha256:7232116fc5d4e0274114f152bdb9df089895d4c70f7c03268cab0a4c48a28d04"},
    {file = "psycopg_binary-3.1.16-cp38-cp38-musllinux_1_1_aarch64.whl", hash = "sha256:6f03239d7c18666f5d6ca82ea972235de4d4d3604287098af6cdc256b76a0ca5"},
    {file = "psycopg_binary-3.1.16-cp38-cp38-musllinux_1_1_i686.whl", hash = "sha256:edd1b630652bdfff84662b46d11878fbab8ab2966003c1876fcde56650e99e3f"},
    {file = "psycopg_binary-3.1.16-cp38-cp38-musllinux_1_1_ppc64le.whl", hash = "sha256:481e9dafca1ed9532552e097105e6664ee7f14686270ed0ee0b1d6c78c2cdb11"},
    {file = "psycopg_binary-3.1.16-cp38-cp38-musllinux_1_1_x86_64.whl", hash = "sha256:d43aa3aa55b5fa964ffa78cf6abdbd51ff33a759f290e9159a9f974ffa3178fa"},
    {file = "psycopg_binary-3.1.16-cp38-cp38-win_amd64.whl", hash = "sha256:51e66b282d8689bc33d81bde3a1e14d0c88a39200c2d9436b028b394d24f1f99"},
    {file = "psycopg_binary-3.1.16-cp39-cp39-macosx_10_9_x86_64.whl", hash = "sha256:bfae154f3c88e67f3ed592765ad56531b6076acfe80796e28cccc05727c1cf5b"},
    {file = "psycopg_binary-3.1.16-cp39-cp39-macosx_11_0_arm64.whl", hash = "sha256:f9f4bc3d366951359a68833c8031cc83faf5084b3bc80dd2d24f0add593d4418"},
    {file = "psycopg_binary-3.1.16-cp39-cp39-manylinux_2_17_aarch64.manylinux2014_aarch64.whl", hash = "sha256:a37d682d7ff57cc2573b1011740ef1566749fc94ae6ac1456405510592735c0a"},
    {file = "psycopg_binary-3.1.16-cp39-cp39-manylinux_2_17_i686.manylinux2014_i686.whl", hash = "sha256:0be876e3a8ee359f6a985b662c6b02a094a50b37adf1bd756a655004bddf167a"},
    {file = "psycopg_binary-3.1.16-cp39-cp39-manylinux_2_17_ppc64le.manylinux2014_ppc64le.whl", hash = "sha256:4f79192b0edd60ef24acb0af5b83319cbb65d4187576757b690646b290de8307"},
    {file = "psycopg_binary-3.1.16-cp39-cp39-manylinux_2_17_x86_64.manylinux2014_x86_64.whl", hash = "sha256:fcc5996b1db4e7fb948ea47b610456df317625d92474c779a20f92ca8cbcec92"},
    {file = "psycopg_binary-3.1.16-cp39-cp39-musllinux_1_1_aarch64.whl", hash = "sha256:3f2ceb04f8137462f9312a324bea5402de0a4f0503cd5442f4264911e4b6265b"},
    {file = "psycopg_binary-3.1.16-cp39-cp39-musllinux_1_1_i686.whl", hash = "sha256:47517d2da63bb10c80c2cf35c80a936db79636534849524fd57940b5f0bbd7bd"},
    {file = "psycopg_binary-3.1.16-cp39-cp39-musllinux_1_1_ppc64le.whl", hash = "sha256:2a6bd83d0b934aa03897e93acb6897972ccc3827ae61c903589bc92ed423f75d"},
    {file = "psycopg_binary-3.1.16-cp39-cp39-musllinux_1_1_x86_64.whl", hash = "sha256:08fb94928e785571ac90d3ab9e09f2721e0d895c2504ecfb8de91c5ea807b267"},
    {file = "psycopg_binary-3.1.16-cp39-cp39-win_amd64.whl", hash = "sha256:cf13807b61315130a59ea8d0950bda2ac875bae9fadc0b1a9aca9b4ef6d62c7b"},
]

[[package]]
name = "sqlparse"
version = "0.4.4"
description = "A non-validating SQL parser."
optional = false
python-versions = ">=3.5"
files = [
    {file = "sqlparse-0.4.4-py3-none-any.whl", hash = "sha256:5430a4fe2ac7d0f93e66f1efc6e1338a41884b7ddf2a350cedd20ccc4d9d28f3"},
    {file = "sqlparse-0.4.4.tar.gz", hash = "sha256:d446183e84b8349fa3061f0fe7f06ca94ba65b426946ffebe6e3e8295332420c"},
]

[package.extras]
dev = ["build", "flake8"]
doc = ["sphinx"]
test = ["pytest", "pytest-cov"]

[[package]]
name = "typing-extensions"
version = "4.9.0"
description = "Backported and Experimental Type Hints for Python 3.8+"
optional = false
python-versions = ">=3.8"
files = [
    {file = "typing_extensions-4.9.0-py3-none-any.whl", hash = "sha256:af72aea155e91adfc61c3ae9e0e342dbc0cba726d6cba4b6c72c1f34e47291cd"},
    {file = "typing_extensions-4.9.0.tar.gz", hash = "sha256:23478f88c37f27d76ac8aee6c905017a143b0b1b886c3c9f66bc2fd94f9f5783"},
]

[[package]]
name = "tzdata"
version = "2023.3"
description = "Provider of IANA time zone data"
optional = false
python-versions = ">=2"
files = [
    {file = "tzdata-2023.3-py2.py3-none-any.whl", hash = "sha256:7e65763eef3120314099b6939b5546db7adce1e7d6f2e179e3df563c70511eda"},
    {file = "tzdata-2023.3.tar.gz", hash = "sha256:11ef1e08e54acb0d4f95bdb1be05da659673de4acbd21bf9c69e94cc5e907a3a"},
]

[metadata]
lock-version = "2.0"
python-versions = "^3.11"
content-hash = "8ac5bf0454c9df17a9cd0f00c65561d37b6d9abe6b7bc57bcafb5a909dd4b4ce"
